
Microsoft Visual Studio Solution File, Format Version 12.00
# Visual Studio Version 17
VisualStudioVersion = 17.3.32901.215
MinimumVisualStudioVersion = 10.0.40219.1
Project("{FAE04EC0-301F-11D3-BF4B-00C04F79EFBC}") = "CSharpSamples", "CSharpSamples\CSharpSamples.csproj", "{D0405011-FF6D-4A0A-9370-73E118A5A859}"
EndProject
Global
	GlobalSection(SolutionConfigurationPlatforms) = preSolution
		Debug|Any CPU = Debug|Any CPU
		Release|Any CPU = Release|Any CPU
	EndGlobalSection
	GlobalSection(ProjectConfigurationPlatforms) = postSolution
		{D0405011-FF6D-4A0A-9370-73E118A5A859}.Debug|Any CPU.ActiveCfg = Debug|Any CPU
		{D0405011-FF6D-4A0A-9370-73E118A5A859}.Debug|Any CPU.Build.0 = Debug|Any CPU
		{D0405011-FF6D-4A0A-9370-73E118A5A859}.Release|Any CPU.ActiveCfg = Release|Any CPU
		{D0405011-FF6D-4A0A-9370-73E118A5A859}.Release|Any CPU.Build.0 = Release|Any CPU
	EndGlobalSection
	GlobalSection(SolutionProperties) = preSolution
		HideSolutionNode = FALSE
	EndGlobalSection
	GlobalSection(ExtensibilityGlobals) = postSolution
		SolutionGuid = {8F605642-7805-461A-9AEF-BE4842526F31}
	EndGlobalSection
EndGlobal
